
Microsoft Visual Studio Solution File, Format Version 12.00
# Visual Studio 2012
Project("{FAE04EC0-301F-11D3-BF4B-00C04F79EFBC}") = "IniConfig.lib", "IniConfig.lib\IniConfig.lib.csproj", "{9E96E435-B678-4E84-B4D1-EB63BB9DD00F}"
EndProject
Project("{FAE04EC0-301F-11D3-BF4B-00C04F79EFBC}") = "IniConfig.lib.Specs", "IniConfig.lib.Specs\IniConfig.lib.Specs.csproj", "{5FC386FB-9AB1-469A-A3B2-031A47FEC994}"
EndProject
Global
	GlobalSection(SolutionConfigurationPlatforms) = preSolution
		Debug|Any CPU = Debug|Any CPU
		Release|Any CPU = Release|Any CPU
	EndGlobalSection
	GlobalSection(ProjectConfigurationPlatforms) = postSolution
		{9E96E435-B678-4E84-B4D1-EB63BB9DD00F}.Debug|Any CPU.ActiveCfg = Debug|Any CPU
		{9E96E435-B678-4E84-B4D1-EB63BB9DD00F}.Debug|Any CPU.Build.0 = Debug|Any CPU
		{9E96E435-B678-4E84-B4D1-EB63BB9DD00F}.Release|Any CPU.ActiveCfg = Release|Any CPU
		{9E96E435-B678-4E84-B4D1-EB63BB9DD00F}.Release|Any CPU.Build.0 = Release|Any CPU
		{5FC386FB-9AB1-469A-A3B2-031A47FEC994}.Debug|Any CPU.ActiveCfg = Debug|Any CPU
		{5FC386FB-9AB1-469A-A3B2-031A47FEC994}.Debug|Any CPU.Build.0 = Debug|Any CPU
		{5FC386FB-9AB1-469A-A3B2-031A47FEC994}.Release|Any CPU.ActiveCfg = Release|Any CPU
		{5FC386FB-9AB1-469A-A3B2-031A47FEC994}.Release|Any CPU.Build.0 = Release|Any CPU
	EndGlobalSection
	GlobalSection(SolutionProperties) = preSolution
		HideSolutionNode = FALSE
	EndGlobalSection
EndGlobal
